// !$*UTF8*$!
{
	archiveVersion = 1;
	classes = {
	};
	objectVersion = 56;
	objects = {

/* Begin PBXBuildFile section */
		5503D4622A87417D005E5994 /* YsabeauSC.ttf in Resources */ = {isa = PBXBuildFile; fileRef = 5503D4612A87417D005E5994 /* YsabeauSC.ttf */; };
		5590BA762A8187E000EFDCA4 /* AppleCashSplitApp.swift in Sources */ = {isa = PBXBuildFile; fileRef = 5590BA752A8187E000EFDCA4 /* AppleCashSplitApp.swift */; };
		5590BA782A8187E000EFDCA4 /* ContentView.swift in Sources */ = {isa = PBXBuildFile; fileRef = 5590BA772A8187E000EFDCA4 /* ContentView.swift */; };
		5590BA7A2A8187E100EFDCA4 /* Assets.xcassets in Resources */ = {isa = PBXBuildFile; fileRef = 5590BA792A8187E100EFDCA4 /* Assets.xcassets */; };
		5590BA7D2A8187E100EFDCA4 /* Preview Assets.xcassets in Resources */ = {isa = PBXBuildFile; fileRef = 5590BA7C2A8187E100EFDCA4 /* Preview Assets.xcassets */; };
		5590BA852A819A6F00EFDCA4 /* Brush King.otf in Resources */ = {isa = PBXBuildFile; fileRef = 5590BA832A819A1800EFDCA4 /* Brush King.otf */; };
		5590BA862A819A9E00EFDCA4 /* ShigaBrush.ttf in Resources */ = {isa = PBXBuildFile; fileRef = 5590BA842A819A3C00EFDCA4 /* ShigaBrush.ttf */; };
/* End PBXBuildFile section */

/* Begin PBXFileReference section */
		5503D4612A87417D005E5994 /* YsabeauSC.ttf */ = {isa = PBXFileReference; lastKnownFileType = file; path = YsabeauSC.ttf; sourceTree = "<group>"; };
		5590BA722A8187E000EFDCA4 /* AppleCashSplit.app */ = {isa = PBXFileReference; explicitFileType = wrapper.application; includeInIndex = 0; path = AppleCashSplit.app; sourceTree = BUILT_PRODUCTS_DIR; };
		5590BA752A8187E000EFDCA4 /* AppleCashSplitApp.swift */ = {isa = PBXFileReference; lastKnownFileType = sourcecode.swift; path = AppleCashSplitApp.swift; sourceTree = "<group>"; };
		5590BA772A8187E000EFDCA4 /* ContentView.swift */ = {isa = PBXFileReference; lastKnownFileType = sourcecode.swift; path = ContentView.swift; sourceTree = "<group>"; };
		5590BA792A8187E100EFDCA4 /* Assets.xcassets */ = {isa = PBXFileReference; lastKnownFileType = folder.assetcatalog; path = Assets.xcassets; sourceTree = "<group>"; };
		5590BA7C2A8187E100EFDCA4 /* Preview Assets.xcassets */ = {isa = PBXFileReference; lastKnownFileType = folder.assetcatalog; path = "Preview Assets.xcassets"; sourceTree = "<group>"; };
		5590BA832A819A1800EFDCA4 /* Brush King.otf */ = {isa = PBXFileReference; lastKnownFileType = file; path = "Brush King.otf"; sourceTree = "<group>"; };
		5590BA842A819A3C00EFDCA4 /* ShigaBrush.ttf */ = {isa = PBXFileReference; lastKnownFileType = file; path = ShigaBrush.ttf; sourceTree = "<group>"; };
		5590BA872A819B6F00EFDCA4 /* Info.plist */ = {isa = PBXFileReference; lastKnownFileType = text.plist; path = Info.plist; sourceTree = "<group>"; };
/* End PBXFileReference section */

/* Begin PBXFrameworksBuildPhase section */
		5590BA6F2A8187E000EFDCA4 /* Frameworks */ = {
			isa = PBXFrameworksBuildPhase;
			buildActionMask = 2147483647;
			files = (
			);
			runOnlyForDeploymentPostprocessing = 0;
		};
/* End PBXFrameworksBuildPhase section */

/* Begin PBXGroup section */
		5590BA692A8187E000EFDCA4 = {
			isa = PBXGroup;
			children = (
				5590BA742A8187E000EFDCA4 /* AppleCashSplit */,
				5590BA732A8187E000EFDCA4 /* Products */,
			);
			sourceTree = "<group>";
		};
		5590BA732A8187E000EFDCA4 /* Products */ = {
			isa = PBXGroup;
			children = (
				5590BA722A8187E000EFDCA4 /* AppleCashSplit.app */,
			);
			name = Products;
			sourceTree = "<group>";
		};
		5590BA742A8187E000EFDCA4 /* AppleCashSplit */ = {
			isa = PBXGroup;
			children = (
				5590BA882A819C1500EFDCA4 /* Fonts */,
				5590BA872A819B6F00EFDCA4 /* Info.plist */,
				5590BA752A8187E000EFDCA4 /* AppleCashSplitApp.swift */,
				5590BA772A8187E000EFDCA4 /* ContentView.swift */,
				5590BA792A8187E100EFDCA4 /* Assets.xcassets */,
				5590BA7B2A8187E100EFDCA4 /* Preview Content */,
			);
			path = AppleCashSplit;
			sourceTree = "<group>";
		};
		5590BA7B2A8187E100EFDCA4 /* Preview Content */ = {
			isa = PBXGroup;
			children = (
				5590BA7C2A8187E100EFDCA4 /* Preview Assets.xcassets */,
			);
			path = "Preview Content";
			sourceTree = "<group>";
		};
		5590BA882A819C1500EFDCA4 /* Fonts */ = {
			isa = PBXGroup;
			children = (
				5590BA842A819A3C00EFDCA4 /* ShigaBrush.ttf */,
				5590BA832A819A1800EFDCA4 /* Brush King.otf */,
				5503D4612A87417D005E5994 /* YsabeauSC.ttf */,
			);
			path = Fonts;
			sourceTree = "<group>";
		};
/* End PBXGroup section */

/* Begin PBXNativeTarget section */
		5590BA712A8187E000EFDCA4 /* AppleCashSplit */ = {
			isa = PBXNativeTarget;
			buildConfigurationList = 5590BA802A8187E100EFDCA4 /* Build configuration list for PBXNativeTarget "AppleCashSplit" */;
			buildPhases = (
				5590BA6E2A8187E000EFDCA4 /* Sources */,
				5590BA6F2A8187E000EFDCA4 /* Frameworks */,
				5590BA702A8187E000EFDCA4 /* Resources */,
			);
			buildRules = (
			);
			dependencies = (
			);
			name = AppleCashSplit;
			productName = AppleCashSplit;
			productReference = 5590BA722A8187E000EFDCA4 /* AppleCashSplit.app */;
			productType = "com.apple.product-type.application";
		};
/* End PBXNativeTarget section */

/* Begin PBXProject section */
		5590BA6A2A8187E000EFDCA4 /* Project object */ = {
			isa = PBXProject;
			attributes = {
				BuildIndependentTargetsInParallel = 1;
				LastSwiftUpdateCheck = 1430;
				LastUpgradeCheck = 1430;
				TargetAttributes = {
					5590BA712A8187E000EFDCA4 = {
						CreatedOnToolsVersion = 14.3.1;
					};
				};
			};
			buildConfigurationList = 5590BA6D2A8187E000EFDCA4 /* Build configuration list for PBXProject "AppleCashSplit" */;
			compatibilityVersion = "Xcode 14.0";
			developmentRegion = en;
			hasScannedForEncodings = 0;
			knownRegions = (
				en,
				Base,
			);
			mainGroup = 5590BA692A8187E000EFDCA4;
			productRefGroup = 5590BA732A8187E000EFDCA4 /* Products */;
			projectDirPath = "";
			projectRoot = "";
			targets = (
				5590BA712A8187E000EFDCA4 /* AppleCashSplit */,
			);
		};
/* End PBXProject section */

/* Begin PBXResourcesBuildPhase section */
		5590BA702A8187E000EFDCA4 /* Resources */ = {
			isa = PBXResourcesBuildPhase;
			buildActionMask = 2147483647;
			files = (
				5503D4622A87417D005E5994 /* YsabeauSC.ttf in Resources */,
				5590BA852A819A6F00EFDCA4 /* Brush King.otf in Resources */,
				5590BA7D2A8187E100EFDCA4 /* Preview Assets.xcassets in Resources */,
				5590BA862A819A9E00EFDCA4 /* ShigaBrush.ttf in Resources */,
				5590BA7A2A8187E100EFDCA4 /* Assets.xcassets in Resources */,
			);
			runOnlyForDeploymentPostprocessing = 0;
		};
/* End PBXResourcesBuildPhase section */

/* Begin PBXSourcesBuildPhase section */
		5590BA6E2A8187E000EFDCA4 /* Sources */ = {
			isa = PBXSourcesBuildPhase;
			buildActionMask = 2147483647;
			files = (
				5590BA782A8187E000EFDCA4 /* ContentView.swift in Sources */,
				5590BA762A8187E000EFDCA4 /* AppleCashSplitApp.swift in Sources */,
			);
			runOnlyForDeploymentPostprocessing = 0;
		};
/* End PBXSourcesBuildPhase section */

/* Begin XCBuildConfiguration section */
		5590BA7E2A8187E100EFDCA4 /* Debug */ = {
			isa = XCBuildConfiguration;
			buildSettings = {
				ALWAYS_SEARCH_USER_PATHS = NO;
				CLANG_ANALYZER_NONNULL = YES;
				CLANG_ANALYZER_NUMBER_OBJECT_CONVERSION = YES_AGGRESSIVE;
				CLANG_CXX_LANGUAGE_STANDARD = "gnu++20";
				CLANG_ENABLE_MODULES = YES;
				CLANG_ENABLE_OBJC_ARC = YES;
				CLANG_ENABLE_OBJC_WEAK = YES;
				CLANG_WARN_BLOCK_CAPTURE_AUTORELEASING = YES;
				CLANG_WARN_BOOL_CONVERSION = YES;
				CLANG_WARN_COMMA = YES;
				CLANG_WARN_CONSTANT_CONVERSION = YES;
				CLANG_WARN_DEPRECATED_OBJC_IMPLEMENTATIONS = YES;
				CLANG_WARN_DIRECT_OBJC_ISA_USAGE = YES_ERROR;
				CLANG_WARN_DOCUMENTATION_COMMENTS = YES;
				CLANG_WARN_EMPTY_BODY = YES;
				CLANG_WARN_ENUM_CONVERSION = YES;
				CLANG_WARN_INFINITE_RECURSION = YES;
				CLANG_WARN_INT_CONVERSION = YES;
				CLANG_WARN_NON_LITERAL_NULL_CONVERSION = YES;
				CLANG_WARN_OBJC_IMPLICIT_RETAIN_SELF = YES;
				CLANG_WARN_OBJC_LITERAL_CONVERSION = YES;
				CLANG_WARN_OBJC_ROOT_CLASS = YES_ERROR;
				CLANG_WARN_QUOTED_INCLUDE_IN_FRAMEWORK_HEADER = YES;
				CLANG_WARN_RANGE_LOOP_ANALYSIS = YES;
				CLANG_WARN_STRICT_PROTOTYPES = YES;
				CLANG_WARN_SUSPICIOUS_MOVE = YES;
				CLANG_WARN_UNGUARDED_AVAILABILITY = YES_AGGRESSIVE;
				CLANG_WARN_UNREACHABLE_CODE = YES;
				CLANG_WARN__DUPLICATE_METHOD_MATCH = YES;
				COPY_PHASE_STRIP = NO;
				DEBUG_INFORMATION_FORMAT = dwarf;
				ENABLE_STRICT_OBJC_MSGSEND = YES;
				ENABLE_TESTABILITY = YES;
				GCC_C_LANGUAGE_STANDARD = gnu11;
				GCC_DYNAMIC_NO_PIC = NO;
				GCC_NO_COMMON_BLOCKS = YES;
				GCC_OPTIMIZATION_LEVEL = 0;
				GCC_PREPROCESSOR_DEFINITIONS = (
					"DEBUG=1",
					"$(inherited)",
				);
				GCC_WARN_64_TO_32_BIT_CONVERSION = YES;
				GCC_WARN_ABOUT_RETURN_TYPE = YES_ERROR;
				GCC_WARN_UNDECLARED_SELECTOR = YES;
				GCC_WARN_UNINITIALIZED_AUTOS = YES_AGGRESSIVE;
				GCC_WARN_UNUSED_FUNCTION = YES;
				GCC_WARN_UNUSED_VARIABLE = YES;
				IPHONEOS_DEPLOYMENT_TARGET = 16.4;
				MTL_ENABLE_DEBUG_INFO = INCLUDE_SOURCE;
				MTL_FAST_MATH = YES;
				ONLY_ACTIVE_ARCH = YES;
				SDKROOT = iphoneos;
				SWIFT_ACTIVE_COMPILATION_CONDITIONS = DEBUG;
				SWIFT_OPTIMIZATION_LEVEL = "-Onone";
			};
			name = Debug;
		};
		5590BA7F2A8187E100EFDCA4 /* Release */ = {
			isa = XCBuildConfiguration;
			buildSettings = {
				ALWAYS_SEARCH_USER_PATHS = NO;
				CLANG_ANALYZER_NONNULL = YES;
				CLANG_ANALYZER_NUMBER_OBJECT_CONVERSION = YES_AGGRESSIVE;
				CLANG_CXX_LANGUAGE_STANDARD = "gnu++20";
				CLANG_ENABLE_MODULES = YES;
				CLANG_ENABLE_OBJC_ARC = YES;
				CLANG_ENABLE_OBJC_WEAK = YES;
				CLANG_WARN_BLOCK_CAPTURE_AUTORELEASING = YES;
				CLANG_WARN_BOOL_CONVERSION = YES;
				CLANG_WARN_COMMA = YES;
				CLANG_WARN_CONSTANT_CONVERSION = YES;
				CLANG_WARN_DEPRECATED_OBJC_IMPLEMENTATIONS = YES;
				CLANG_WARN_DIRECT_OBJC_ISA_USAGE = YES_ERROR;
				CLANG_WARN_DOCUMENTATION_COMMENTS = YES;
				CLANG_WARN_EMPTY_BODY = YES;
				CLANG_WARN_ENUM_CONVERSION = YES;
				CLANG_WARN_INFINITE_RECURSION = YES;
				CLANG_WARN_INT_CONVERSION = YES;
				CLANG_WARN_NON_LITERAL_NULL_CONVERSION = YES;
				CLANG_WARN_OBJC_IMPLICIT_RETAIN_SELF = YES;
				CLANG_WARN_OBJC_LITERAL_CONVERSION = YES;
				CLANG_WARN_OBJC_ROOT_CLASS = YES_ERROR;
				CLANG_WARN_QUOTED_INCLUDE_IN_FRAMEWORK_HEADER = YES;
				CLANG_WARN_RANGE_LOOP_ANALYSIS = YES;
				CLANG_WARN_STRICT_PROTOTYPES = YES;
				CLANG_WARN_SUSPICIOUS_MOVE = YES;
				CLANG_WARN_UNGUARDED_AVAILABILITY = YES_AGGRESSIVE;
				CLANG_WARN_UNREACHABLE_CODE = YES;
				CLANG_WARN__DUPLICATE_METHOD_MATCH = YES;
				COPY_PHASE_STRIP = NO;
				DEBUG_INFORMATION_FORMAT = "dwarf-with-dsym";
				ENABLE_NS_ASSERTIONS = NO;
				ENABLE_STRICT_OBJC_MSGSEND = YES;
				GCC_C_LANGUAGE_STANDARD = gnu11;
				GCC_NO_COMMON_BLOCKS = YES;
				GCC_WARN_64_TO_32_BIT_CONVERSION = YES;
				GCC_WARN_ABOUT_RETURN_TYPE = YES_ERROR;
				GCC_WARN_UNDECLARED_SELECTOR = YES;
				GCC_WARN_UNINITIALIZED_AUTOS = YES_AGGRESSIVE;
				GCC_WARN_UNUSED_FUNCTION = YES;
				GCC_WARN_UNUSED_VARIABLE = YES;
				IPHONEOS_DEPLOYMENT_TARGET = 16.4;
				MTL_ENABLE_DEBUG_INFO = NO;
				MTL_FAST_MATH = YES;
				SDKROOT = iphoneos;
				SWIFT_COMPILATION_MODE = wholemodule;
				SWIFT_OPTIMIZATION_LEVEL = "-O";
				VALIDATE_PRODUCT = YES;
			};
			name = Release;
		};
		5590BA812A8187E100EFDCA4 /* Debug */ = {
			isa = XCBuildConfiguration;
			buildSettings = {
				ASSETCATALOG_COMPILER_APPICON_NAME = AppIcon;
				ASSETCATALOG_COMPILER_GLOBAL_ACCENT_COLOR_NAME = AccentColor;
				CODE_SIGN_STYLE = Automatic;
				CURRENT_PROJECT_VERSION = 1;
				DEVELOPMENT_ASSET_PATHS = "\"AppleCashSplit/Preview Content\"";
				DEVELOPMENT_TEAM = RG68B4RL4T;
				ENABLE_PREVIEWS = YES;
				GENERATE_INFOPLIST_FILE = YES;
				INFOPLIST_FILE = AppleCashSplit/Info.plist;
				INFOPLIST_KEY_UIApplicationSceneManifest_Generation = YES;
				INFOPLIST_KEY_UIApplicationSupportsIndirectInputEvents = YES;
				INFOPLIST_KEY_UILaunchScreen_Generation = YES;
				INFOPLIST_KEY_UISupportedInterfaceOrientations_iPad = "UIInterfaceOrientationPortrait UIInterfaceOrientationPortraitUpsideDown UIInterfaceOrientationLandscapeLeft UIInterfaceOrientationLandscapeRight";
				INFOPLIST_KEY_UISupportedInterfaceOrientations_iPhone = "UIInterfaceOrientationPortrait UIInterfaceOrientationLandscapeLeft UIInterfaceOrientationLandscapeRight";
				LD_RUNPATH_SEARCH_PATHS = (
					"$(inherited)",
					"@executable_path/Frameworks",
				);
				MARKETING_VERSION = 1.0;
				PRODUCT_BUNDLE_IDENTIFIER = com.brytech.AppleCashSplit;
				PRODUCT_NAME = "$(TARGET_NAME)";
				SWIFT_EMIT_LOC_STRINGS = YES;
				SWIFT_VERSION = 5.0;
				TARGETED_DEVICE_FAMILY = "1,2";
			};
			name = Debug;
		};
		5590BA822A8187E100EFDCA4 /* Release */ = {
			isa = XCBuildConfiguration;
			buildSettings = {
				ASSETCATALOG_COMPILER_APPICON_NAME = AppIcon;
				ASSETCATALOG_COMPILER_GLOBAL_ACCENT_COLOR_NAME = AccentColor;
				CODE_SIGN_STYLE = Automatic;
				CURRENT_PROJECT_VERSION = 1;
				DEVELOPMENT_ASSET_PATHS = "\"AppleCashSplit/Preview Content\"";
				DEVELOPMENT_TEAM = RG68B4RL4T;
				ENABLE_PREVIEWS = YES;
				GENERATE_INFOPLIST_FILE = YES;
				INFOPLIST_FILE = AppleCashSplit/Info.plist;
				INFOPLIST_KEY_UIApplicationSceneManifest_Generation = YES;
				INFOPLIST_KEY_UIApplicationSupportsIndirectInputEvents = YES;
				INFOPLIST_KEY_UILaunchScreen_Generation = YES;
				INFOPLIST_KEY_UISupportedInterfaceOrientations_iPad = "UIInterfaceOrientationPortrait UIInterfaceOrientationPortraitUpsideDown UIInterfaceOrientationLandscapeLeft UIInterfaceOrientationLandscapeRight";
				INFOPLIST_KEY_UISupportedInterfaceOrientations_iPhone = "UIInterfaceOrientationPortrait UIInterfaceOrientationLandscapeLeft UIInterfaceOrientationLandscapeRight";
				LD_RUNPATH_SEARCH_PATHS = (
					"$(inherited)",
					"@executable_path/Frameworks",
				);
				MARKETING_VERSION = 1.0;
				PRODUCT_BUNDLE_IDENTIFIER = com.brytech.AppleCashSplit;
				PRODUCT_NAME = "$(TARGET_NAME)";
				SWIFT_EMIT_LOC_STRINGS = YES;
				SWIFT_VERSION = 5.0;
				TARGETED_DEVICE_FAMILY = "1,2";
			};
			name = Release;
		};
/* End XCBuildConfiguration section */

/* Begin XCConfigurationList section */
		5590BA6D2A8187E000EFDCA4 /* Build configuration list for PBXProject "AppleCashSplit" */ = {
			isa = XCConfigurationList;
			buildConfigurations = (
				5590BA7E2A8187E100EFDCA4 /* Debug */,
				5590BA7F2A8187E100EFDCA4 /* Release */,
			);
			defaultConfigurationIsVisible = 0;
			defaultConfigurationName = Release;
		};
		5590BA802A8187E100EFDCA4 /* Build configuration list for PBXNativeTarget "AppleCashSplit" */ = {
			isa = XCConfigurationList;
			buildConfigurations = (
				5590BA812A8187E100EFDCA4 /* Debug */,
				5590BA822A8187E100EFDCA4 /* Release */,
			);
			defaultConfigurationIsVisible = 0;
			defaultConfigurationName = Release;
		};
/* End XCConfigurationList section */
	};
	rootObject = 5590BA6A2A8187E000EFDCA4 /* Project object */;
}
